
Microsoft Visual Studio Solution File, Format Version 12.00
# Visual Studio 15
VisualStudioVersion = 15.0.27703.2000
MinimumVisualStudioVersion = 10.0.40219.1
Project("{9A19103F-16F7-4668-BE54-9A1E7A4F7556}") = "GameConsoleApp", "GameConsoleApp.csproj", "{1419AFBD-B26B-4C3B-B0B9-C279C3269ED7}"
EndProject
Global
	GlobalSection(SolutionConfigurationPlatforms) = preSolution
		Debug|Any CPU = Debug|Any CPU
		Release|Any CPU = Release|Any CPU
	EndGlobalSection
	GlobalSection(ProjectConfigurationPlatforms) = postSolution
		{1419AFBD-B26B-4C3B-B0B9-C279C3269ED7}.Debug|Any CPU.ActiveCfg = Debug|Any CPU
		{1419AFBD-B26B-4C3B-B0B9-C279C3269ED7}.Debug|Any CPU.Build.0 = Debug|Any CPU
		{1419AFBD-B26B-4C3B-B0B9-C279C3269ED7}.Release|Any CPU.ActiveCfg = Release|Any CPU
		{1419AFBD-B26B-4C3B-B0B9-C279C3269ED7}.Release|Any CPU.Build.0 = Release|Any CPU
	EndGlobalSection
	GlobalSection(SolutionProperties) = preSolution
		HideSolutionNode = FALSE
	EndGlobalSection
	GlobalSection(ExtensibilityGlobals) = postSolution
		SolutionGuid = {E58A6261-17CB-4824-98E6-91443B6F55B6}
	EndGlobalSection
EndGlobal
